
Microsoft Visual Studio Solution File, Format Version 10.00
# Visual Studio 2008
Project("{8BC9CEB8-8B4A-11D0-8D11-00A0C91BC942}") = "SERMON", "SerMon.vcproj", "{78B40811-5B22-4DFC-A58D-4435673B6D5E}"
EndProject
Global
	GlobalSection(SolutionConfigurationPlatforms) = preSolution
		NT kernel driver (debug)|Win32 = NT kernel driver (debug)|Win32
		NT kernel driver (release)|Win32 = NT kernel driver (release)|Win32
	EndGlobalSection
	GlobalSection(ProjectConfigurationPlatforms) = postSolution
		{78B40811-5B22-4DFC-A58D-4435673B6D5E}.NT kernel driver (debug)|Win32.ActiveCfg = NT kernel driver (debug)|Win32
		{78B40811-5B22-4DFC-A58D-4435673B6D5E}.NT kernel driver (debug)|Win32.Build.0 = NT kernel driver (debug)|Win32
		{78B40811-5B22-4DFC-A58D-4435673B6D5E}.NT kernel driver (release)|Win32.ActiveCfg = NT kernel driver (release)|Win32
		{78B40811-5B22-4DFC-A58D-4435673B6D5E}.NT kernel driver (release)|Win32.Build.0 = NT kernel driver (release)|Win32
	EndGlobalSection
	GlobalSection(SolutionProperties) = preSolution
		HideSolutionNode = FALSE
	EndGlobalSection
EndGlobal
